
Microsoft Visual Studio Solution File, Format Version 12.00
# Visual Studio Version 17
VisualStudioVersion = 17.2.32630.192
MinimumVisualStudioVersion = 10.0.40219.1
Project("{9A19103F-16F7-4668-BE54-9A1E7A4F7556}") = "FootballAPI", "FootballAPI\FootballAPI.csproj", "{20CBA30D-AD6D-4B31-AB17-0DF265988188}"
EndProject
Project("{9A19103F-16F7-4668-BE54-9A1E7A4F7556}") = "DAL", "DAL\DAL.csproj", "{E74F1D9F-5C57-419B-9E99-70EF9A227CE8}"
EndProject
Project("{FAE04EC0-301F-11D3-BF4B-00C04F79EFBC}") = "BLL", "BLL\BLL.csproj", "{292B6351-09B5-44D4-BE19-1DBEA05A0339}"
EndProject
Global
	GlobalSection(SolutionConfigurationPlatforms) = preSolution
		Debug|Any CPU = Debug|Any CPU
		Release|Any CPU = Release|Any CPU
	EndGlobalSection
	GlobalSection(ProjectConfigurationPlatforms) = postSolution
		{20CBA30D-AD6D-4B31-AB17-0DF265988188}.Debug|Any CPU.ActiveCfg = Debug|Any CPU
		{20CBA30D-AD6D-4B31-AB17-0DF265988188}.Debug|Any CPU.Build.0 = Debug|Any CPU
		{20CBA30D-AD6D-4B31-AB17-0DF265988188}.Release|Any CPU.ActiveCfg = Release|Any CPU
		{20CBA30D-AD6D-4B31-AB17-0DF265988188}.Release|Any CPU.Build.0 = Release|Any CPU
		{E74F1D9F-5C57-419B-9E99-70EF9A227CE8}.Debug|Any CPU.ActiveCfg = Debug|Any CPU
		{E74F1D9F-5C57-419B-9E99-70EF9A227CE8}.Debug|Any CPU.Build.0 = Debug|Any CPU
		{E74F1D9F-5C57-419B-9E99-70EF9A227CE8}.Release|Any CPU.ActiveCfg = Release|Any CPU
		{E74F1D9F-5C57-419B-9E99-70EF9A227CE8}.Release|Any CPU.Build.0 = Release|Any CPU
		{292B6351-09B5-44D4-BE19-1DBEA05A0339}.Debug|Any CPU.ActiveCfg = Debug|Any CPU
		{292B6351-09B5-44D4-BE19-1DBEA05A0339}.Debug|Any CPU.Build.0 = Debug|Any CPU
		{292B6351-09B5-44D4-BE19-1DBEA05A0339}.Release|Any CPU.ActiveCfg = Release|Any CPU
		{292B6351-09B5-44D4-BE19-1DBEA05A0339}.Release|Any CPU.Build.0 = Release|Any CPU
	EndGlobalSection
	GlobalSection(SolutionProperties) = preSolution
		HideSolutionNode = FALSE
	EndGlobalSection
	GlobalSection(ExtensibilityGlobals) = postSolution
		SolutionGuid = {9DBC7164-3F2F-4D02-A61C-82B8C2FA4D5E}
	EndGlobalSection
EndGlobal
